
Microsoft Visual Studio Solution File, Format Version 12.00
# Visual Studio 15
VisualStudioVersion = 15.0.28307.168
MinimumVisualStudioVersion = 10.0.40219.1
Project("{8BC9CEB8-8B4A-11D0-8D11-00A0C91BC942}") = "MyLoggingLibrary", "MyLoggingLibrary.vcxproj", "{CDDB8D95-323C-4432-9C00-3AF07EC8C00E}"
EndProject
Project("{8BC9CEB8-8B4A-11D0-8D11-00A0C91BC942}") = "Client", "..\Client\Client.vcxproj", "{CFA06780-A818-4E8C-9462-561FF17AB9EE}"
EndProject
Global
	GlobalSection(SolutionConfigurationPlatforms) = preSolution
		Debug|x64 = Debug|x64
		Debug|x86 = Debug|x86
		Release|x64 = Release|x64
		Release|x86 = Release|x86
	EndGlobalSection
	GlobalSection(ProjectConfigurationPlatforms) = postSolution
		{CDDB8D95-323C-4432-9C00-3AF07EC8C00E}.Debug|x64.ActiveCfg = Debug|x64
		{CDDB8D95-323C-4432-9C00-3AF07EC8C00E}.Debug|x64.Build.0 = Debug|x64
		{CDDB8D95-323C-4432-9C00-3AF07EC8C00E}.Debug|x86.ActiveCfg = Debug|Win32
		{CDDB8D95-323C-4432-9C00-3AF07EC8C00E}.Debug|x86.Build.0 = Debug|Win32
		{CDDB8D95-323C-4432-9C00-3AF07EC8C00E}.Release|x64.ActiveCfg = Release|x64
		{CDDB8D95-323C-4432-9C00-3AF07EC8C00E}.Release|x64.Build.0 = Release|x64
		{CDDB8D95-323C-4432-9C00-3AF07EC8C00E}.Release|x86.ActiveCfg = Release|Win32
		{CDDB8D95-323C-4432-9C00-3AF07EC8C00E}.Release|x86.Build.0 = Release|Win32
		{CFA06780-A818-4E8C-9462-561FF17AB9EE}.Debug|x64.ActiveCfg = Debug|x64
		{CFA06780-A818-4E8C-9462-561FF17AB9EE}.Debug|x64.Build.0 = Debug|x64
		{CFA06780-A818-4E8C-9462-561FF17AB9EE}.Debug|x86.ActiveCfg = Debug|Win32
		{CFA06780-A818-4E8C-9462-561FF17AB9EE}.Debug|x86.Build.0 = Debug|Win32
		{CFA06780-A818-4E8C-9462-561FF17AB9EE}.Release|x64.ActiveCfg = Release|x64
		{CFA06780-A818-4E8C-9462-561FF17AB9EE}.Release|x64.Build.0 = Release|x64
		{CFA06780-A818-4E8C-9462-561FF17AB9EE}.Release|x86.ActiveCfg = Release|Win32
		{CFA06780-A818-4E8C-9462-561FF17AB9EE}.Release|x86.Build.0 = Release|Win32
	EndGlobalSection
	GlobalSection(SolutionProperties) = preSolution
		HideSolutionNode = FALSE
	EndGlobalSection
	GlobalSection(ExtensibilityGlobals) = postSolution
		SolutionGuid = {9C0C0E74-030D-476D-AADF-0CB8B5ECF768}
	EndGlobalSection
EndGlobal
